# @generated by Move, please check-in and do not edit manually.

[move]
version = 3
manifest_digest = "BC4C58588F318AB445B1D0BAEA8CA7317896DED1751EED33C644317E565CF317"
deps_digest = "F9B494B64F0615AED0E98FC12A85B85ECD2BC5185C22D30E7F67786BB52E507C"
dependencies = [
  { id = "Bridge", name = "Bridge" },
  { id = "MoveStdlib", name = "MoveStdlib" },
  { id = "Sui", name = "Sui" },
  { id = "SuiSystem", name = "SuiSystem" },
]

[[move.package]]
id = "Bridge"
source = { git = "https://github.com/MystenLabs/sui.git", rev = "04f11afaf5e0", subdir = "crates/sui-framework/packages/bridge" }

dependencies = [
  { id = "MoveStdlib", name = "MoveStdlib" },
  { id = "Sui", name = "Sui" },
  { id = "SuiSystem", name = "SuiSystem" },
]

[[move.package]]
id = "MoveStdlib"
source = { git = "https://github.com/MystenLabs/sui.git", rev = "04f11afaf5e0", subdir = "crates/sui-framework/packages/move-stdlib" }

[[move.package]]
id = "Sui"
source = { git = "https://github.com/MystenLabs/sui.git", rev = "04f11afaf5e0", subdir = "crates/sui-framework/packages/sui-framework" }

dependencies = [
  { id = "MoveStdlib", name = "MoveStdlib" },
]

[[move.package]]
id = "SuiSystem"
source = { git = "https://github.com/MystenLabs/sui.git", rev = "04f11afaf5e0", subdir = "crates/sui-framework/packages/sui-system" }

dependencies = [
  { id = "MoveStdlib", name = "MoveStdlib" },
  { id = "Sui", name = "Sui" },
]

[move.toolchain-version]
compiler-version = "1.46.1"
edition = "2024.beta"
flavor = "sui"

[env]

[env.testnet]
chain-id = "4c78adac"
original-published-id = "0xd6668a48dfcfae8818f176ab713e95ff68f5a3ed24bff33aef859b64bc15da9e"
latest-published-id = "0xd6668a48dfcfae8818f176ab713e95ff68f5a3ed24bff33aef859b64bc15da9e"
published-version = "1"

[env.mainnet]
chain-id = "35834a8a"
original-published-id = "0x7c6a80389b90a12ce70d0f934e689931e34a3b00e4dab15fcc1e80f5024ce34f"
latest-published-id = "0x7c6a80389b90a12ce70d0f934e689931e34a3b00e4dab15fcc1e80f5024ce34f"
published-version = "1"
